
Microsoft Visual Studio Solution File, Format Version 12.00
# Visual Studio 15
VisualStudioVersion = 15.0.27004.2009
MinimumVisualStudioVersion = 10.0.40219.1
Project("{FAE04EC0-301F-11D3-BF4B-00C04F79EFBC}") = "Commande", "Commande\Commande.csproj", "{1B34F6EF-B200-4F80-B28F-EA0EC9376C8C}"
EndProject
Project("{7CF6DF6D-3B04-46F8-A40B-537D21BCA0B4}") = "Documentation1", "Documentation1\Documentation1.shfbproj", "{6C538240-F963-45AC-95C8-75CE44763A3F}"
EndProject
Global
	GlobalSection(SolutionConfigurationPlatforms) = preSolution
		Debug|Any CPU = Debug|Any CPU
		Release|Any CPU = Release|Any CPU
	EndGlobalSection
	GlobalSection(ProjectConfigurationPlatforms) = postSolution
		{1B34F6EF-B200-4F80-B28F-EA0EC9376C8C}.Debug|Any CPU.ActiveCfg = Debug|Any CPU
		{1B34F6EF-B200-4F80-B28F-EA0EC9376C8C}.Debug|Any CPU.Build.0 = Debug|Any CPU
		{1B34F6EF-B200-4F80-B28F-EA0EC9376C8C}.Release|Any CPU.ActiveCfg = Release|Any CPU
		{1B34F6EF-B200-4F80-B28F-EA0EC9376C8C}.Release|Any CPU.Build.0 = Release|Any CPU
		{6C538240-F963-45AC-95C8-75CE44763A3F}.Debug|Any CPU.ActiveCfg = Debug|Any CPU
		{6C538240-F963-45AC-95C8-75CE44763A3F}.Debug|Any CPU.Build.0 = Debug|Any CPU
		{6C538240-F963-45AC-95C8-75CE44763A3F}.Release|Any CPU.ActiveCfg = Release|Any CPU
		{6C538240-F963-45AC-95C8-75CE44763A3F}.Release|Any CPU.Build.0 = Release|Any CPU
	EndGlobalSection
	GlobalSection(SolutionProperties) = preSolution
		HideSolutionNode = FALSE
	EndGlobalSection
	GlobalSection(ExtensibilityGlobals) = postSolution
		SolutionGuid = {139C0AFB-5839-41F0-8518-DE020B195C41}
	EndGlobalSection
EndGlobal
